
Microsoft Visual Studio Solution File, Format Version 12.00
# Visual Studio Version 17
VisualStudioVersion = 17.14.36301.6
MinimumVisualStudioVersion = 10.0.40219.1
Project("{FAE04EC0-301F-11D3-BF4B-00C04F79EFBC}") = "BithdayAPP", "BithdayAPP\BithdayAPP.csproj", "{77A04297-0FF8-410D-8BAC-B474A4A55433}"
EndProject
Global
	GlobalSection(SolutionConfigurationPlatforms) = preSolution
		Debug|Any CPU = Debug|Any CPU
		Release|Any CPU = Release|Any CPU
	EndGlobalSection
	GlobalSection(ProjectConfigurationPlatforms) = postSolution
		{77A04297-0FF8-410D-8BAC-B474A4A55433}.Debug|Any CPU.ActiveCfg = Debug|Any CPU
		{77A04297-0FF8-410D-8BAC-B474A4A55433}.Debug|Any CPU.Build.0 = Debug|Any CPU
		{77A04297-0FF8-410D-8BAC-B474A4A55433}.Release|Any CPU.ActiveCfg = Release|Any CPU
		{77A04297-0FF8-410D-8BAC-B474A4A55433}.Release|Any CPU.Build.0 = Release|Any CPU
	EndGlobalSection
	GlobalSection(SolutionProperties) = preSolution
		HideSolutionNode = FALSE
	EndGlobalSection
	GlobalSection(ExtensibilityGlobals) = postSolution
		SolutionGuid = {51D992D4-4676-4DF6-A606-2FA7A5E8A6E0}
	EndGlobalSection
EndGlobal
